{
  "version": 4,
  "terraform_version": "1.5.7",
  "serial": 9,
  "lineage": "c0d82bd0-91db-a4f0-e42b-74c32c03637f",
  "outputs": {
    "deploy_commands": {
      "value": {
        "initial_deploy": "./deploy-aws.sh 52.79.61.207 ~/.ssh/stock-finder-key.pem",
        "quick_deploy": "./quick-deploy.sh 52.79.61.207 ~/.ssh/stock-finder-key.pem"
      },
      "type": [
        "object",
        {
          "initial_deploy": "string",
          "quick_deploy": "string"
        }
      ]
    },
    "instance_id": {
      "value": "i-0b06210468b99267e",
      "type": "string"
    },
    "instance_private_ip": {
      "value": "172.31.12.241",
      "type": "string"
    },
    "instance_public_dns": {
      "value": "ec2-52-79-61-207.ap-northeast-2.compute.amazonaws.com",
      "type": "string"
    },
    "instance_public_ip": {
      "value": "52.79.61.207",
      "type": "string"
    },
    "key_pair_name": {
      "value": "stock-finder-key",
      "type": "string"
    },
    "log_group": {
      "value": "/aws/ec2/stock-finder",
      "type": "string"
    },
    "security_group_id": {
      "value": "sg-02b0e173f4323b110",
      "type": "string"
    },
    "ssh_connection": {
      "value": "ssh -i ~/.ssh/stock-finder-key.pem ubuntu@52.79.61.207",
      "type": "string"
    },
    "web_urls": {
      "value": {
        "backend_api": "http://52.79.61.207:8010",
        "frontend": "http://52.79.61.207",
        "landing": "http://52.79.61.207/landing/"
      },
      "type": [
        "object",
        {
          "backend_api": "string",
          "frontend": "string",
          "landing": "string"
        }
      ]
    }
  },
  "resources": [
    {
      "mode": "data",
      "type": "aws_ami",
      "name": "ubuntu",
      "provider": "provider[\"registry.terraform.io/hashicorp/aws\"]",
      "instances": [
        {
          "schema_version": 0,
          "attributes": {
            "architecture": "x86_64",
            "arn": "arn:aws:ec2:ap-northeast-2::image/ami-02835aed2a5cb1d2a",
            "block_device_mappings": [
              {
                "device_name": "/dev/sda1",
                "ebs": {
                  "delete_on_termination": "true",
                  "encrypted": "false",
                  "iops": "0",
                  "snapshot_id": "snap-0a815be39bd468d6d",
                  "throughput": "0",
                  "volume_initialization_rate": "0",
                  "volume_size": "8",
                  "volume_type": "gp2"
                },
                "no_device": "",
                "virtual_name": ""
              },
              {
                "device_name": "/dev/sdb",
                "ebs": {},
                "no_device": "",
                "virtual_name": "ephemeral0"
              },
              {
                "device_name": "/dev/sdc",
                "ebs": {},
                "no_device": "",
                "virtual_name": "ephemeral1"
              }
            ],
            "boot_mode": "uefi-preferred",
            "creation_date": "2025-08-22T06:58:41.000Z",
            "deprecation_time": "2027-08-22T06:58:41.000Z",
            "description": "Canonical, Ubuntu, 22.04, amd64 jammy image",
            "ena_support": true,
            "executable_users": null,
            "filter": [
              {
                "name": "architecture",
                "values": [
                  "x86_64"
                ]
              },
              {
                "name": "name",
                "values": [
                  "ubuntu/images/hvm-ssd/ubuntu-jammy-22.04-amd64-server-*"
                ]
              },
              {
                "name": "virtualization-type",
                "values": [
                  "hvm"
                ]
              }
            ],
            "hypervisor": "xen",
            "id": "ami-02835aed2a5cb1d2a",
            "image_id": "ami-02835aed2a5cb1d2a",
            "image_location": "amazon/ubuntu/images/hvm-ssd/ubuntu-jammy-22.04-amd64-server-20250822",
            "image_owner_alias": "amazon",
            "image_type": "machine",
            "imds_support": "",
            "include_deprecated": false,
            "kernel_id": "",
            "last_launched_time": "",
            "most_recent": true,
            "name": "ubuntu/images/hvm-ssd/ubuntu-jammy-22.04-amd64-server-20250822",
            "name_regex": null,
            "owner_id": "099720109477",
            "owners": [
              "099720109477"
            ],
            "platform": "",
            "platform_details": "Linux/UNIX",
            "product_codes": [],
            "public": true,
            "ramdisk_id": "",
            "root_device_name": "/dev/sda1",
            "root_device_type": "ebs",
            "root_snapshot_id": "snap-0a815be39bd468d6d",
            "sriov_net_support": "simple",
            "state": "available",
            "state_reason": {
              "code": "UNSET",
              "message": "UNSET"
            },
            "tags": {},
            "timeouts": null,
            "tpm_support": "",
            "uefi_data": null,
            "usage_operation": "RunInstances",
            "virtualization_type": "hvm"
          },
          "sensitive_attributes": []
        }
      ]
    },
    {
      "mode": "data",
      "type": "aws_availability_zones",
      "name": "available",
      "provider": "provider[\"registry.terraform.io/hashicorp/aws\"]",
      "instances": [
        {
          "schema_version": 0,
          "attributes": {
            "all_availability_zones": null,
            "exclude_names": null,
            "exclude_zone_ids": null,
            "filter": null,
            "group_names": [
              "ap-northeast-2-zg-1"
            ],
            "id": "ap-northeast-2",
            "names": [
              "ap-northeast-2a",
              "ap-northeast-2b",
              "ap-northeast-2c",
              "ap-northeast-2d"
            ],
            "state": "available",
            "timeouts": null,
            "zone_ids": [
              "apne2-az1",
              "apne2-az2",
              "apne2-az3",
              "apne2-az4"
            ]
          },
          "sensitive_attributes": []
        }
      ]
    },
    {
      "mode": "data",
      "type": "aws_caller_identity",
      "name": "current",
      "provider": "provider[\"registry.terraform.io/hashicorp/aws\"]",
      "instances": [
        {
          "schema_version": 0,
          "attributes": {
            "account_id": "242466199808",
            "arn": "arn:aws:iam::242466199808:user/stock-finder-admin",
            "id": "242466199808",
            "user_id": "AIDATQ5A4TEAHSDMKU6ZF"
          },
          "sensitive_attributes": []
        }
      ]
    },
    {
      "mode": "data",
      "type": "aws_region",
      "name": "current",
      "provider": "provider[\"registry.terraform.io/hashicorp/aws\"]",
      "instances": [
        {
          "schema_version": 0,
          "attributes": {
            "description": "Asia Pacific (Seoul)",
            "endpoint": "ec2.ap-northeast-2.amazonaws.com",
            "id": "ap-northeast-2",
            "name": "ap-northeast-2"
          },
          "sensitive_attributes": []
        }
      ]
    },
    {
      "mode": "data",
      "type": "aws_subnets",
      "name": "default",
      "provider": "provider[\"registry.terraform.io/hashicorp/aws\"]",
      "instances": [
        {
          "schema_version": 0,
          "attributes": {
            "filter": [
              {
                "name": "vpc-id",
                "values": [
                  "vpc-09a8ece6df09ea4b9"
                ]
              }
            ],
            "id": "ap-northeast-2",
            "ids": [
              "subnet-0841b977268080044",
              "subnet-03fe98cc6241a47af",
              "subnet-002ff9b28130b3983",
              "subnet-0a39cd346fe163a28"
            ],
            "tags": null,
            "timeouts": null
          },
          "sensitive_attributes": []
        }
      ]
    },
    {
      "mode": "data",
      "type": "aws_vpc",
      "name": "default",
      "provider": "provider[\"registry.terraform.io/hashicorp/aws\"]",
      "instances": [
        {
          "schema_version": 0,
          "attributes": {
            "arn": "arn:aws:ec2:ap-northeast-2:242466199808:vpc/vpc-09a8ece6df09ea4b9",
            "cidr_block": "172.31.0.0/16",
            "cidr_block_associations": [
              {
                "association_id": "vpc-cidr-assoc-0b513d6f2852081e4",
                "cidr_block": "172.31.0.0/16",
                "state": "associated"
              }
            ],
            "default": true,
            "dhcp_options_id": "dopt-0b0fa59184eec464c",
            "enable_dns_hostnames": true,
            "enable_dns_support": true,
            "enable_network_address_usage_metrics": false,
            "filter": null,
            "id": "vpc-09a8ece6df09ea4b9",
            "instance_tenancy": "default",
            "ipv6_association_id": "",
            "ipv6_cidr_block": "",
            "main_route_table_id": "rtb-0d34c3c52921b3a21",
            "owner_id": "242466199808",
            "state": null,
            "tags": {},
            "timeouts": null
          },
          "sensitive_attributes": []
        }
      ]
    },
    {
      "mode": "managed",
      "type": "aws_cloudwatch_log_group",
      "name": "stock_finder_logs",
      "provider": "provider[\"registry.terraform.io/hashicorp/aws\"]",
      "instances": [
        {
          "schema_version": 0,
          "attributes": {
            "arn": "arn:aws:logs:ap-northeast-2:242466199808:log-group:/aws/ec2/stock-finder",
            "id": "/aws/ec2/stock-finder",
            "kms_key_id": "",
            "log_group_class": "STANDARD",
            "name": "/aws/ec2/stock-finder",
            "name_prefix": "",
            "retention_in_days": 7,
            "skip_destroy": false,
            "tags": {
              "Name": "stock-finder-logs"
            },
            "tags_all": {
              "Environment": "production",
              "ManagedBy": "terraform",
              "Name": "stock-finder-logs",
              "Project": "stock-finder"
            }
          },
          "sensitive_attributes": [],
          "private": "bnVsbA=="
        }
      ]
    },
    {
      "mode": "managed",
      "type": "aws_cloudwatch_metric_alarm",
      "name": "high_cpu",
      "provider": "provider[\"registry.terraform.io/hashicorp/aws\"]",
      "instances": [
        {
          "schema_version": 1,
          "attributes": {
            "actions_enabled": true,
            "alarm_actions": null,
            "alarm_description": "This metric monitors ec2 cpu utilization",
            "alarm_name": "stock-finder-high-cpu",
            "arn": "arn:aws:cloudwatch:ap-northeast-2:242466199808:alarm:stock-finder-high-cpu",
            "comparison_operator": "GreaterThanThreshold",
            "datapoints_to_alarm": 0,
            "dimensions": {
              "InstanceId": "i-0b06210468b99267e"
            },
            "evaluate_low_sample_count_percentiles": "",
            "evaluation_periods": 2,
            "extended_statistic": "",
            "id": "stock-finder-high-cpu",
            "insufficient_data_actions": null,
            "metric_name": "CPUUtilization",
            "metric_query": [],
            "namespace": "AWS/EC2",
            "ok_actions": null,
            "period": 300,
            "statistic": "Average",
            "tags": null,
            "tags_all": {
              "Environment": "production",
              "ManagedBy": "terraform",
              "Project": "stock-finder"
            },
            "threshold": 80,
            "threshold_metric_id": "",
            "treat_missing_data": "missing",
            "unit": ""
          },
          "sensitive_attributes": [],
          "private": "eyJzY2hlbWFfdmVyc2lvbiI6IjEifQ==",
          "dependencies": [
            "aws_instance.stock_finder_server",
            "aws_key_pair.stock_finder_key",
            "aws_security_group.stock_finder_sg",
            "data.aws_ami.ubuntu",
            "data.aws_subnets.default"
          ]
        }
      ]
    },
    {
      "mode": "managed",
      "type": "aws_cloudwatch_metric_alarm",
      "name": "high_disk",
      "provider": "provider[\"registry.terraform.io/hashicorp/aws\"]",
      "instances": [
        {
          "schema_version": 1,
          "attributes": {
            "actions_enabled": true,
            "alarm_actions": null,
            "alarm_description": "This metric monitors disk utilization",
            "alarm_name": "stock-finder-high-disk",
            "arn": "arn:aws:cloudwatch:ap-northeast-2:242466199808:alarm:stock-finder-high-disk",
            "comparison_operator": "GreaterThanThreshold",
            "datapoints_to_alarm": 0,
            "dimensions": {
              "Filesystem": "/dev/nvme0n1p1",
              "InstanceId": "i-0b06210468b99267e",
              "MountPath": "/"
            },
            "evaluate_low_sample_count_percentiles": "",
            "evaluation_periods": 2,
            "extended_statistic": "",
            "id": "stock-finder-high-disk",
            "insufficient_data_actions": null,
            "metric_name": "DiskSpaceUtilization",
            "metric_query": [],
            "namespace": "System/Linux",
            "ok_actions": null,
            "period": 300,
            "statistic": "Average",
            "tags": null,
            "tags_all": {
              "Environment": "production",
              "ManagedBy": "terraform",
              "Project": "stock-finder"
            },
            "threshold": 80,
            "threshold_metric_id": "",
            "treat_missing_data": "missing",
            "unit": ""
          },
          "sensitive_attributes": [],
          "private": "eyJzY2hlbWFfdmVyc2lvbiI6IjEifQ==",
          "dependencies": [
            "aws_instance.stock_finder_server",
            "aws_key_pair.stock_finder_key",
            "aws_security_group.stock_finder_sg",
            "data.aws_ami.ubuntu",
            "data.aws_subnets.default"
          ]
        }
      ]
    },
    {
      "mode": "managed",
      "type": "aws_instance",
      "name": "stock_finder_server",
      "provider": "provider[\"registry.terraform.io/hashicorp/aws\"]",
      "instances": [
        {
          "schema_version": 1,
          "attributes": {
            "ami": "ami-02835aed2a5cb1d2a",
            "arn": "arn:aws:ec2:ap-northeast-2:242466199808:instance/i-0b06210468b99267e",
            "associate_public_ip_address": true,
            "availability_zone": "ap-northeast-2a",
            "capacity_reservation_specification": [
              {
                "capacity_reservation_preference": "open",
                "capacity_reservation_target": []
              }
            ],
            "cpu_core_count": 1,
            "cpu_options": [
              {
                "amd_sev_snp": "",
                "core_count": 1,
                "threads_per_core": 2
              }
            ],
            "cpu_threads_per_core": 2,
            "credit_specification": [
              {
                "cpu_credits": "unlimited"
              }
            ],
            "disable_api_stop": false,
            "disable_api_termination": false,
            "ebs_block_device": [],
            "ebs_optimized": false,
            "enable_primary_ipv6": null,
            "enclave_options": [
              {
                "enabled": false
              }
            ],
            "ephemeral_block_device": [],
            "get_password_data": false,
            "hibernation": false,
            "host_id": "",
            "host_resource_group_arn": null,
            "iam_instance_profile": "",
            "id": "i-0b06210468b99267e",
            "instance_initiated_shutdown_behavior": "stop",
            "instance_lifecycle": "",
            "instance_market_options": [],
            "instance_state": "running",
            "instance_type": "t3.micro",
            "ipv6_address_count": 0,
            "ipv6_addresses": [],
            "key_name": "stock-finder-key",
            "launch_template": [],
            "maintenance_options": [
              {
                "auto_recovery": "default"
              }
            ],
            "metadata_options": [
              {
                "http_endpoint": "enabled",
                "http_protocol_ipv6": "disabled",
                "http_put_response_hop_limit": 1,
                "http_tokens": "optional",
                "instance_metadata_tags": "disabled"
              }
            ],
            "monitoring": true,
            "network_interface": [],
            "outpost_arn": "",
            "password_data": "",
            "placement_group": "",
            "placement_partition_number": 0,
            "primary_network_interface_id": "eni-00679bbd8283fd690",
            "private_dns": "ip-172-31-12-241.ap-northeast-2.compute.internal",
            "private_dns_name_options": [
              {
                "enable_resource_name_dns_a_record": false,
                "enable_resource_name_dns_aaaa_record": false,
                "hostname_type": "ip-name"
              }
            ],
            "private_ip": "172.31.12.241",
            "public_dns": "ec2-52-79-61-207.ap-northeast-2.compute.amazonaws.com",
            "public_ip": "52.79.61.207",
            "root_block_device": [
              {
                "delete_on_termination": true,
                "device_name": "/dev/sda1",
                "encrypted": true,
                "iops": 3000,
                "kms_key_id": "arn:aws:kms:ap-northeast-2:242466199808:key/a62ffd0c-daf9-415a-96f0-ddd8a5c898e2",
                "tags": null,
                "tags_all": {
                  "Environment": "production",
                  "ManagedBy": "terraform",
                  "Project": "stock-finder"
                },
                "throughput": 125,
                "volume_id": "vol-0726908730785d0e6",
                "volume_size": 30,
                "volume_type": "gp3"
              }
            ],
            "secondary_private_ips": [],
            "security_groups": [
              "stock-finder-sg-20250907051435400500000001"
            ],
            "source_dest_check": true,
            "spot_instance_request_id": "",
            "subnet_id": "subnet-0841b977268080044",
            "tags": {
              "Name": "stock-finder-server"
            },
            "tags_all": {
              "Environment": "production",
              "ManagedBy": "terraform",
              "Name": "stock-finder-server",
              "Project": "stock-finder"
            },
            "tenancy": "default",
            "timeouts": null,
            "user_data": "39cdffcc659be114a50d07a23a441243809aa1ae",
            "user_data_base64": null,
            "user_data_replace_on_change": false,
            "volume_tags": null,
            "vpc_security_group_ids": [
              "sg-02b0e173f4323b110"
            ]
          },
          "sensitive_attributes": [],
          "private": "eyJlMmJmYjczMC1lY2FhLTExZTYtOGY4OC0zNDM2M2JjN2M0YzAiOnsiY3JlYXRlIjo2MDAwMDAwMDAwMDAsImRlbGV0ZSI6MTIwMDAwMDAwMDAwMCwicmVhZCI6OTAwMDAwMDAwMDAwLCJ1cGRhdGUiOjYwMDAwMDAwMDAwMH0sInNjaGVtYV92ZXJzaW9uIjoiMSJ9",
          "dependencies": [
            "aws_key_pair.stock_finder_key",
            "aws_security_group.stock_finder_sg",
            "data.aws_ami.ubuntu",
            "data.aws_subnets.default"
          ]
        }
      ]
    },
    {
      "mode": "managed",
      "type": "aws_key_pair",
      "name": "stock_finder_key",
      "provider": "provider[\"registry.terraform.io/hashicorp/aws\"]",
      "instances": [
        {
          "schema_version": 1,
          "attributes": {
            "arn": "arn:aws:ec2:ap-northeast-2:242466199808:key-pair/stock-finder-key",
            "fingerprint": "ed:36:6f:56:fb:37:e4:c8:a6:f2:46:47:76:8a:c7:17",
            "id": "stock-finder-key",
            "key_name": "stock-finder-key",
            "key_name_prefix": "",
            "key_pair_id": "key-00e37a5669eb26f06",
            "key_type": "rsa",
            "public_key": "ssh-rsa AAAAB3NzaC1yc2EAAAADAQABAAACAQDChNn5A4VnpLDNoKPnWvlPpI8hRSKkJxtzcV0TJHZ6bPqxKsWHvZ8bC+lUflBVxqKKkng/DtcwqLTZRsTAZ5GpQocI2vR7GrpNEZhlJlmIuVYqrv6NP04DiERiYXqFix6ip5cHLoWHmiT+23RQOmgBPgi/+y7HaGsemRxLViIePNv7czb0xaGuUeijDIc5eFF4dc4moiG24+l2cp6KLgEKDPrueR/hNhJyAiXge6FTbNIaah62Gqo7rR8uYVmtmV/ptCiREKpF61dMZ1XljReiEuToqJsUnRYuDuex1aRGFluVaUT6sKeYznWjpi6VUdJ63UzUTOi3fSpqYGwcN+gOT24/eHDS8IkRI+1kk1OQozklmj5xFTHVBXVDV0c+EOJzSywGKiFb4016w5W8hOCwopmY1SBlus0vxEfjKsi4DOJrr7lKIxrFQzRtO7QHXIpPO5EpMiPnm3B3wGyG8nPCBgfwSUzRUMKh7SFc7wmv3CA/JGyEb9MDlQ59OqmAH0MaVF8PMeAG5ycd9IiT/4HCNOmZ5npAplWHHg0ARxtxuR3M8QgXcP9tgj87aJFmIijz8URyeQYY2BCZyl/lRUxqlrhqMhukopnrAkKH/lCiRg+5VwZDQIu/MJ2BtX0qXkF2WOikfk/ItcAv53PNZ0RDCdlYVAAU1Y5Gy9a4dxMxsw== rex.fever.sohn@gmail.com",
            "tags": {},
            "tags_all": {
              "Environment": "production",
              "ManagedBy": "terraform",
              "Project": "stock-finder"
            }
          },
          "sensitive_attributes": [],
          "private": "eyJzY2hlbWFfdmVyc2lvbiI6IjEifQ=="
        }
      ]
    },
    {
      "mode": "managed",
      "type": "aws_security_group",
      "name": "stock_finder_sg",
      "provider": "provider[\"registry.terraform.io/hashicorp/aws\"]",
      "instances": [
        {
          "schema_version": 1,
          "attributes": {
            "arn": "arn:aws:ec2:ap-northeast-2:242466199808:security-group/sg-02b0e173f4323b110",
            "description": "Security group for Stock Finder application",
            "egress": [
              {
                "cidr_blocks": [
                  "0.0.0.0/0"
                ],
                "description": "",
                "from_port": 0,
                "ipv6_cidr_blocks": [],
                "prefix_list_ids": [],
                "protocol": "-1",
                "security_groups": [],
                "self": false,
                "to_port": 0
              }
            ],
            "id": "sg-02b0e173f4323b110",
            "ingress": [
              {
                "cidr_blocks": [
                  "0.0.0.0/0"
                ],
                "description": "Backend API",
                "from_port": 8010,
                "ipv6_cidr_blocks": [],
                "prefix_list_ids": [],
                "protocol": "tcp",
                "security_groups": [],
                "self": false,
                "to_port": 8010
              },
              {
                "cidr_blocks": [
                  "0.0.0.0/0"
                ],
                "description": "HTTP",
                "from_port": 80,
                "ipv6_cidr_blocks": [],
                "prefix_list_ids": [],
                "protocol": "tcp",
                "security_groups": [],
                "self": false,
                "to_port": 80
              },
              {
                "cidr_blocks": [
                  "0.0.0.0/0"
                ],
                "description": "HTTPS",
                "from_port": 443,
                "ipv6_cidr_blocks": [],
                "prefix_list_ids": [],
                "protocol": "tcp",
                "security_groups": [],
                "self": false,
                "to_port": 443
              },
              {
                "cidr_blocks": [
                  "0.0.0.0/0"
                ],
                "description": "SSH",
                "from_port": 22,
                "ipv6_cidr_blocks": [],
                "prefix_list_ids": [],
                "protocol": "tcp",
                "security_groups": [],
                "self": false,
                "to_port": 22
              }
            ],
            "name": "stock-finder-sg-20250907051435400500000001",
            "name_prefix": "stock-finder-sg-",
            "owner_id": "242466199808",
            "revoke_rules_on_delete": false,
            "tags": {
              "Name": "stock-finder-sg"
            },
            "tags_all": {
              "Environment": "production",
              "ManagedBy": "terraform",
              "Name": "stock-finder-sg",
              "Project": "stock-finder"
            },
            "timeouts": null,
            "vpc_id": "vpc-09a8ece6df09ea4b9"
          },
          "sensitive_attributes": [],
          "private": "eyJlMmJmYjczMC1lY2FhLTExZTYtOGY4OC0zNDM2M2JjN2M0YzAiOnsiY3JlYXRlIjo2MDAwMDAwMDAwMDAsImRlbGV0ZSI6OTAwMDAwMDAwMDAwfSwic2NoZW1hX3ZlcnNpb24iOiIxIn0=",
          "dependencies": [
            "data.aws_vpc.default"
          ]
        }
      ]
    }
  ],
  "check_results": null
}
